// !$*UTF8*$!
{
	archiveVersion = 1;
	classes = {
	};
	objectVersion = 46;
	objects = {

/* Begin PBXBuildFile section */
		3FF3418B1A6E539D002C813E /* Foundation.framework in Frameworks */ = {isa = PBXBuildFile; fileRef = 3FF3418A1A6E539D002C813E /* Foundation.framework */; };
		3FF3418D1A6E539D002C813E /* CoreGraphics.framework in Frameworks */ = {isa = PBXBuildFile; fileRef = 3FF3418C1A6E539D002C813E /* CoreGraphics.framework */; };
		3FF3418F1A6E539D002C813E /* UIKit.framework in Frameworks */ = {isa = PBXBuildFile; fileRef = 3FF3418E1A6E539D002C813E /* UIKit.framework */; };
		3FF341951A6E539E002C813E /* InfoPlist.strings in Resources */ = {isa = PBXBuildFile; fileRef = 3FF341931A6E539E002C813E /* InfoPlist.strings */; };
		3FF341971A6E539E002C813E /* main.m in Sources */ = {isa = PBXBuildFile; fileRef = 3FF341961A6E539E002C813E /* main.m */; };
		3FF3419B1A6E539E002C813E /* AppDelegate.m in Sources */ = {isa = PBXBuildFile; fileRef = 3FF3419A1A6E539E002C813E /* AppDelegate.m */; };
		3FF3419E1A6E539E002C813E /* Main.storyboard in Resources */ = {isa = PBXBuildFile; fileRef = 3FF3419C1A6E539E002C813E /* Main.storyboard */; };
		3FF341A11A6E539E002C813E /* ViewController.m in Sources */ = {isa = PBXBuildFile; fileRef = 3FF341A01A6E539E002C813E /* ViewController.m */; };
		3FF341A31A6E539E002C813E /* Images.xcassets in Resources */ = {isa = PBXBuildFile; fileRef = 3FF341A21A6E539E002C813E /* Images.xcassets */; };
		3FF341AA1A6E539E002C813E /* XCTest.framework in Frameworks */ = {isa = PBXBuildFile; fileRef = 3FF341A91A6E539E002C813E /* XCTest.framework */; };
		3FF341AB1A6E539E002C813E /* Foundation.framework in Frameworks */ = {isa = PBXBuildFile; fileRef = 3FF3418A1A6E539D002C813E /* Foundation.framework */; };
		3FF341AC1A6E539E002C813E /* UIKit.framework in Frameworks */ = {isa = PBXBuildFile; fileRef = 3FF3418E1A6E539D002C813E /* UIKit.framework */; };
		3FF341B41A6E539E002C813E /* InfoPlist.strings in Resources */ = {isa = PBXBuildFile; fileRef = 3FF341B21A6E539E002C813E /* InfoPlist.strings */; };
		3FF341B61A6E539E002C813E /* p2Tests.m in Sources */ = {isa = PBXBuildFile; fileRef = 3FF341B51A6E539E002C813E /* p2Tests.m */; };
		3FF341C01A6E63D3002C813E /* dny.plist in Resources */ = {isa = PBXBuildFile; fileRef = 3FF341BF1A6E63D3002C813E /* dny.plist */; };
/* End PBXBuildFile section */

/* Begin PBXContainerItemProxy section */
		3FF341AD1A6E539E002C813E /* PBXContainerItemProxy */ = {
			isa = PBXContainerItemProxy;
			containerPortal = 3FF3417F1A6E539D002C813E /* Project object */;
			proxyType = 1;
			remoteGlobalIDString = 3FF341861A6E539D002C813E;
			remoteInfo = p2;
		};
/* End PBXContainerItemProxy section */

/* Begin PBXFileReference section */
		3FF341871A6E539D002C813E /* p2.app */ = {isa = PBXFileReference; explicitFileType = wrapper.application; includeInIndex = 0; path = p2.app; sourceTree = BUILT_PRODUCTS_DIR; };
		3FF3418A1A6E539D002C813E /* Foundation.framework */ = {isa = PBXFileReference; lastKnownFileType = wrapper.framework; name = Foundation.framework; path = System/Library/Frameworks/Foundation.framework; sourceTree = SDKROOT; };
		3FF3418C1A6E539D002C813E /* CoreGraphics.framework */ = {isa = PBXFileReference; lastKnownFileType = wrapper.framework; name = CoreGraphics.framework; path = System/Library/Frameworks/CoreGraphics.framework; sourceTree = SDKROOT; };
		3FF3418E1A6E539D002C813E /* UIKit.framework */ = {isa = PBXFileReference; lastKnownFileType = wrapper.framework; name = UIKit.framework; path = System/Library/Frameworks/UIKit.framework; sourceTree = SDKROOT; };
		3FF341921A6E539E002C813E /* p2-Info.plist */ = {isa = PBXFileReference; lastKnownFileType = text.plist.xml; path = "p2-Info.plist"; sourceTree = "<group>"; };
		3FF341941A6E539E002C813E /* en */ = {isa = PBXFileReference; lastKnownFileType = text.plist.strings; name = en; path = en.lproj/InfoPlist.strings; sourceTree = "<group>"; };
		3FF341961A6E539E002C813E /* main.m */ = {isa = PBXFileReference; lastKnownFileType = sourcecode.c.objc; path = main.m; sourceTree = "<group>"; };
		3FF341981A6E539E002C813E /* p2-Prefix.pch */ = {isa = PBXFileReference; lastKnownFileType = sourcecode.c.h; path = "p2-Prefix.pch"; sourceTree = "<group>"; };
		3FF341991A6E539E002C813E /* AppDelegate.h */ = {isa = PBXFileReference; lastKnownFileType = sourcecode.c.h; path = AppDelegate.h; sourceTree = "<group>"; };
		3FF3419A1A6E539E002C813E /* AppDelegate.m */ = {isa = PBXFileReference; lastKnownFileType = sourcecode.c.objc; path = AppDelegate.m; sourceTree = "<group>"; };
		3FF3419D1A6E539E002C813E /* Base */ = {isa = PBXFileReference; lastKnownFileType = file.storyboard; name = Base; path = Base.lproj/Main.storyboard; sourceTree = "<group>"; };
		3FF3419F1A6E539E002C813E /* ViewController.h */ = {isa = PBXFileReference; lastKnownFileType = sourcecode.c.h; path = ViewController.h; sourceTree = "<group>"; };
		3FF341A01A6E539E002C813E /* ViewController.m */ = {isa = PBXFileReference; lastKnownFileType = sourcecode.c.objc; path = ViewController.m; sourceTree = "<group>"; };
		3FF341A21A6E539E002C813E /* Images.xcassets */ = {isa = PBXFileReference; lastKnownFileType = folder.assetcatalog; path = Images.xcassets; sourceTree = "<group>"; };
		3FF341A81A6E539E002C813E /* p2Tests.xctest */ = {isa = PBXFileReference; explicitFileType = wrapper.cfbundle; includeInIndex = 0; path = p2Tests.xctest; sourceTree = BUILT_PRODUCTS_DIR; };
		3FF341A91A6E539E002C813E /* XCTest.framework */ = {isa = PBXFileReference; lastKnownFileType = wrapper.framework; name = XCTest.framework; path = Library/Frameworks/XCTest.framework; sourceTree = DEVELOPER_DIR; };
		3FF341B11A6E539E002C813E /* p2Tests-Info.plist */ = {isa = PBXFileReference; lastKnownFileType = text.plist.xml; path = "p2Tests-Info.plist"; sourceTree = "<group>"; };
		3FF341B31A6E539E002C813E /* en */ = {isa = PBXFileReference; lastKnownFileType = text.plist.strings; name = en; path = en.lproj/InfoPlist.strings; sourceTree = "<group>"; };
		3FF341B51A6E539E002C813E /* p2Tests.m */ = {isa = PBXFileReference; lastKnownFileType = sourcecode.c.objc; path = p2Tests.m; sourceTree = "<group>"; };
		3FF341BF1A6E63D3002C813E /* dny.plist */ = {isa = PBXFileReference; fileEncoding = 4; lastKnownFileType = text.plist.xml; path = dny.plist; sourceTree = "<group>"; };
/* End PBXFileReference section */

/* Begin PBXFrameworksBuildPhase section */
		3FF341841A6E539D002C813E /* Frameworks */ = {
			isa = PBXFrameworksBuildPhase;
			buildActionMask = 2147483647;
			files = (
				3FF3418D1A6E539D002C813E /* CoreGraphics.framework in Frameworks */,
				3FF3418F1A6E539D002C813E /* UIKit.framework in Frameworks */,
				3FF3418B1A6E539D002C813E /* Foundation.framework in Frameworks */,
			);
			runOnlyForDeploymentPostprocessing = 0;
		};
		3FF341A51A6E539E002C813E /* Frameworks */ = {
			isa = PBXFrameworksBuildPhase;
			buildActionMask = 2147483647;
			files = (
				3FF341AA1A6E539E002C813E /* XCTest.framework in Frameworks */,
				3FF341AC1A6E539E002C813E /* UIKit.framework in Frameworks */,
				3FF341AB1A6E539E002C813E /* Foundation.framework in Frameworks */,
			);
			runOnlyForDeploymentPostprocessing = 0;
		};
/* End PBXFrameworksBuildPhase section */

/* Begin PBXGroup section */
		3FF3417E1A6E539D002C813E = {
			isa = PBXGroup;
			children = (
				3FF341901A6E539D002C813E /* p2 */,
				3FF341AF1A6E539E002C813E /* p2Tests */,
				3FF341891A6E539D002C813E /* Frameworks */,
				3FF341881A6E539D002C813E /* Products */,
			);
			sourceTree = "<group>";
		};
		3FF341881A6E539D002C813E /* Products */ = {
			isa = PBXGroup;
			children = (
				3FF341871A6E539D002C813E /* p2.app */,
				3FF341A81A6E539E002C813E /* p2Tests.xctest */,
			);
			name = Products;
			sourceTree = "<group>";
		};
		3FF341891A6E539D002C813E /* Frameworks */ = {
			isa = PBXGroup;
			children = (
				3FF3418A1A6E539D002C813E /* Foundation.framework */,
				3FF3418C1A6E539D002C813E /* CoreGraphics.framework */,
				3FF3418E1A6E539D002C813E /* UIKit.framework */,
				3FF341A91A6E539E002C813E /* XCTest.framework */,
			);
			name = Frameworks;
			sourceTree = "<group>";
		};
		3FF341901A6E539D002C813E /* p2 */ = {
			isa = PBXGroup;
			children = (
				3FF341991A6E539E002C813E /* AppDelegate.h */,
				3FF3419A1A6E539E002C813E /* AppDelegate.m */,
				3FF3419C1A6E539E002C813E /* Main.storyboard */,
				3FF3419F1A6E539E002C813E /* ViewController.h */,
				3FF341A01A6E539E002C813E /* ViewController.m */,
				3FF341A21A6E539E002C813E /* Images.xcassets */,
				3FF341911A6E539D002C813E /* Supporting Files */,
			);
			path = p2;
			sourceTree = "<group>";
		};
		3FF341911A6E539D002C813E /* Supporting Files */ = {
			isa = PBXGroup;
			children = (
				3FF341921A6E539E002C813E /* p2-Info.plist */,
				3FF341931A6E539E002C813E /* InfoPlist.strings */,
				3FF341961A6E539E002C813E /* main.m */,
				3FF341981A6E539E002C813E /* p2-Prefix.pch */,
				3FF341BF1A6E63D3002C813E /* dny.plist */,
			);
			name = "Supporting Files";
			sourceTree = "<group>";
		};
		3FF341AF1A6E539E002C813E /* p2Tests */ = {
			isa = PBXGroup;
			children = (
				3FF341B51A6E539E002C813E /* p2Tests.m */,
				3FF341B01A6E539E002C813E /* Supporting Files */,
			);
			path = p2Tests;
			sourceTree = "<group>";
		};
		3FF341B01A6E539E002C813E /* Supporting Files */ = {
			isa = PBXGroup;
			children = (
				3FF341B11A6E539E002C813E /* p2Tests-Info.plist */,
				3FF341B21A6E539E002C813E /* InfoPlist.strings */,
			);
			name = "Supporting Files";
			sourceTree = "<group>";
		};
/* End PBXGroup section */

/* Begin PBXNativeTarget section */
		3FF341861A6E539D002C813E /* p2 */ = {
			isa = PBXNativeTarget;
			buildConfigurationList = 3FF341B91A6E539E002C813E /* Build configuration list for PBXNativeTarget "p2" */;
			buildPhases = (
				3FF341831A6E539D002C813E /* Sources */,
				3FF341841A6E539D002C813E /* Frameworks */,
				3FF341851A6E539D002C813E /* Resources */,
			);
			buildRules = (
			);
			dependencies = (
			);
			name = p2;
			productName = p2;
			productReference = 3FF341871A6E539D002C813E /* p2.app */;
			productType = "com.apple.product-type.application";
		};
		3FF341A71A6E539E002C813E /* p2Tests */ = {
			isa = PBXNativeTarget;
			buildConfigurationList = 3FF341BC1A6E539E002C813E /* Build configuration list for PBXNativeTarget "p2Tests" */;
			buildPhases = (
				3FF341A41A6E539E002C813E /* Sources */,
				3FF341A51A6E539E002C813E /* Frameworks */,
				3FF341A61A6E539E002C813E /* Resources */,
			);
			buildRules = (
			);
			dependencies = (
				3FF341AE1A6E539E002C813E /* PBXTargetDependency */,
			);
			name = p2Tests;
			productName = p2Tests;
			productReference = 3FF341A81A6E539E002C813E /* p2Tests.xctest */;
			productType = "com.apple.product-type.bundle.unit-test";
		};
/* End PBXNativeTarget section */

/* Begin PBXProject section */
		3FF3417F1A6E539D002C813E /* Project object */ = {
			isa = PBXProject;
			attributes = {
				LastUpgradeCheck = 0510;
				ORGANIZATIONNAME = student;
				TargetAttributes = {
					3FF341A71A6E539E002C813E = {
						TestTargetID = 3FF341861A6E539D002C813E;
					};
				};
			};
			buildConfigurationList = 3FF341821A6E539D002C813E /* Build configuration list for PBXProject "p2" */;
			compatibilityVersion = "Xcode 3.2";
			developmentRegion = English;
			hasScannedForEncodings = 0;
			knownRegions = (
				en,
				Base,
			);
			mainGroup = 3FF3417E1A6E539D002C813E;
			productRefGroup = 3FF341881A6E539D002C813E /* Products */;
			projectDirPath = "";
			projectRoot = "";
			targets = (
				3FF341861A6E539D002C813E /* p2 */,
				3FF341A71A6E539E002C813E /* p2Tests */,
			);
		};
/* End PBXProject section */

/* Begin PBXResourcesBuildPhase section */
		3FF341851A6E539D002C813E /* Resources */ = {
			isa = PBXResourcesBuildPhase;
			buildActionMask = 2147483647;
			files = (
				3FF341A31A6E539E002C813E /* Images.xcassets in Resources */,
				3FF341951A6E539E002C813E /* InfoPlist.strings in Resources */,
				3FF341C01A6E63D3002C813E /* dny.plist in Resources */,
				3FF3419E1A6E539E002C813E /* Main.storyboard in Resources */,
			);
			runOnlyForDeploymentPostprocessing = 0;
		};
		3FF341A61A6E539E002C813E /* Resources */ = {
			isa = PBXResourcesBuildPhase;
			buildActionMask = 2147483647;
			files = (
				3FF341B41A6E539E002C813E /* InfoPlist.strings in Resources */,
			);
			runOnlyForDeploymentPostprocessing = 0;
		};
/* End PBXResourcesBuildPhase section */

/* Begin PBXSourcesBuildPhase section */
		3FF341831A6E539D002C813E /* Sources */ = {
			isa = PBXSourcesBuildPhase;
			buildActionMask = 2147483647;
			files = (
				3FF341A11A6E539E002C813E /* ViewController.m in Sources */,
				3FF3419B1A6E539E002C813E /* AppDelegate.m in Sources */,
				3FF341971A6E539E002C813E /* main.m in Sources */,
			);
			runOnlyForDeploymentPostprocessing = 0;
		};
		3FF341A41A6E539E002C813E /* Sources */ = {
			isa = PBXSourcesBuildPhase;
			buildActionMask = 2147483647;
			files = (
				3FF341B61A6E539E002C813E /* p2Tests.m in Sources */,
			);
			runOnlyForDeploymentPostprocessing = 0;
		};
/* End PBXSourcesBuildPhase section */

/* Begin PBXTargetDependency section */
		3FF341AE1A6E539E002C813E /* PBXTargetDependency */ = {
			isa = PBXTargetDependency;
			target = 3FF341861A6E539D002C813E /* p2 */;
			targetProxy = 3FF341AD1A6E539E002C813E /* PBXContainerItemProxy */;
		};
/* End PBXTargetDependency section */

/* Begin PBXVariantGroup section */
		3FF341931A6E539E002C813E /* InfoPlist.strings */ = {
			isa = PBXVariantGroup;
			children = (
				3FF341941A6E539E002C813E /* en */,
			);
			name = InfoPlist.strings;
			sourceTree = "<group>";
		};
		3FF3419C1A6E539E002C813E /* Main.storyboard */ = {
			isa = PBXVariantGroup;
			children = (
				3FF3419D1A6E539E002C813E /* Base */,
			);
			name = Main.storyboard;
			sourceTree = "<group>";
		};
		3FF341B21A6E539E002C813E /* InfoPlist.strings */ = {
			isa = PBXVariantGroup;
			children = (
				3FF341B31A6E539E002C813E /* en */,
			);
			name = InfoPlist.strings;
			sourceTree = "<group>";
		};
/* End PBXVariantGroup section */

/* Begin XCBuildConfiguration section */
		3FF341B71A6E539E002C813E /* Debug */ = {
			isa = XCBuildConfiguration;
			buildSettings = {
				ALWAYS_SEARCH_USER_PATHS = NO;
				CLANG_CXX_LANGUAGE_STANDARD = "gnu++0x";
				CLANG_CXX_LIBRARY = "libc++";
				CLANG_ENABLE_MODULES = YES;
				CLANG_ENABLE_OBJC_ARC = YES;
				CLANG_WARN_BOOL_CONVERSION = YES;
				CLANG_WARN_CONSTANT_CONVERSION = YES;
				CLANG_WARN_DIRECT_OBJC_ISA_USAGE = YES_ERROR;
				CLANG_WARN_EMPTY_BODY = YES;
				CLANG_WARN_ENUM_CONVERSION = YES;
				CLANG_WARN_INT_CONVERSION = YES;
				CLANG_WARN_OBJC_ROOT_CLASS = YES_ERROR;
				CLANG_WARN__DUPLICATE_METHOD_MATCH = YES;
				"CODE_SIGN_IDENTITY[sdk=iphoneos*]" = "iPhone Developer";
				COPY_PHASE_STRIP = NO;
				GCC_C_LANGUAGE_STANDARD = gnu99;
				GCC_DYNAMIC_NO_PIC = NO;
				GCC_OPTIMIZATION_LEVEL = 0;
				GCC_PREPROCESSOR_DEFINITIONS = (
					"DEBUG=1",
					"$(inherited)",
				);
				GCC_SYMBOLS_PRIVATE_EXTERN = NO;
				GCC_WARN_64_TO_32_BIT_CONVERSION = YES;
				GCC_WARN_ABOUT_RETURN_TYPE = YES_ERROR;
				GCC_WARN_UNDECLARED_SELECTOR = YES;
				GCC_WARN_UNINITIALIZED_AUTOS = YES_AGGRESSIVE;
				GCC_WARN_UNUSED_FUNCTION = YES;
				GCC_WARN_UNUSED_VARIABLE = YES;
				IPHONEOS_DEPLOYMENT_TARGET = 7.1;
				ONLY_ACTIVE_ARCH = YES;
				SDKROOT = iphoneos;
			};
			name = Debug;
		};
		3FF341B81A6E539E002C813E /* Release */ = {
			isa = XCBuildConfiguration;
			buildSettings = {
				ALWAYS_SEARCH_USER_PATHS = NO;
				CLANG_CXX_LANGUAGE_STANDARD = "gnu++0x";
				CLANG_CXX_LIBRARY = "libc++";
				CLANG_ENABLE_MODULES = YES;
				CLANG_ENABLE_OBJC_ARC = YES;
				CLANG_WARN_BOOL_CONVERSION = YES;
				CLANG_WARN_CONSTANT_CONVERSION = YES;
				CLANG_WARN_DIRECT_OBJC_ISA_USAGE = YES_ERROR;
				CLANG_WARN_EMPTY_BODY = YES;
				CLANG_WARN_ENUM_CONVERSION = YES;
				CLANG_WARN_INT_CONVERSION = YES;
				CLANG_WARN_OBJC_ROOT_CLASS = YES_ERROR;
				CLANG_WARN__DUPLICATE_METHOD_MATCH = YES;
				"CODE_SIGN_IDENTITY[sdk=iphoneos*]" = "iPhone Developer";
				COPY_PHASE_STRIP = YES;
				ENABLE_NS_ASSERTIONS = NO;
				GCC_C_LANGUAGE_STANDARD = gnu99;
				GCC_WARN_64_TO_32_BIT_CONVERSION = YES;
				GCC_WARN_ABOUT_RETURN_TYPE = YES_ERROR;
				GCC_WARN_UNDECLARED_SELECTOR = YES;
				GCC_WARN_UNINITIALIZED_AUTOS = YES_AGGRESSIVE;
				GCC_WARN_UNUSED_FUNCTION = YES;
				GCC_WARN_UNUSED_VARIABLE = YES;
				IPHONEOS_DEPLOYMENT_TARGET = 7.1;
				SDKROOT = iphoneos;
				VALIDATE_PRODUCT = YES;
			};
			name = Release;
		};
		3FF341BA1A6E539E002C813E /* Debug */ = {
			isa = XCBuildConfiguration;
			buildSettings = {
				ASSETCATALOG_COMPILER_APPICON_NAME = AppIcon;
				ASSETCATALOG_COMPILER_LAUNCHIMAGE_NAME = LaunchImage;
				GCC_PRECOMPILE_PREFIX_HEADER = YES;
				GCC_PREFIX_HEADER = "p2/p2-Prefix.pch";
				INFOPLIST_FILE = "p2/p2-Info.plist";
				PRODUCT_NAME = "$(TARGET_NAME)";
				WRAPPER_EXTENSION = app;
			};
			name = Debug;
		};
		3FF341BB1A6E539E002C813E /* Release */ = {
			isa = XCBuildConfiguration;
			buildSettings = {
				ASSETCATALOG_COMPILER_APPICON_NAME = AppIcon;
				ASSETCATALOG_COMPILER_LAUNCHIMAGE_NAME = LaunchImage;
				GCC_PRECOMPILE_PREFIX_HEADER = YES;
				GCC_PREFIX_HEADER = "p2/p2-Prefix.pch";
				INFOPLIST_FILE = "p2/p2-Info.plist";
				PRODUCT_NAME = "$(TARGET_NAME)";
				WRAPPER_EXTENSION = app;
			};
			name = Release;
		};
		3FF341BD1A6E539E002C813E /* Debug */ = {
			isa = XCBuildConfiguration;
			buildSettings = {
				BUNDLE_LOADER = "$(BUILT_PRODUCTS_DIR)/p2.app/p2";
				FRAMEWORK_SEARCH_PATHS = (
					"$(SDKROOT)/Developer/Library/Frameworks",
					"$(inherited)",
					"$(DEVELOPER_FRAMEWORKS_DIR)",
				);
				GCC_PRECOMPILE_PREFIX_HEADER = YES;
				GCC_PREFIX_HEADER = "p2/p2-Prefix.pch";
				GCC_PREPROCESSOR_DEFINITIONS = (
					"DEBUG=1",
					"$(inherited)",
				);
				INFOPLIST_FILE = "p2Tests/p2Tests-Info.plist";
				PRODUCT_NAME = "$(TARGET_NAME)";
				TEST_HOST = "$(BUNDLE_LOADER)";
				WRAPPER_EXTENSION = xctest;
			};
			name = Debug;
		};
		3FF341BE1A6E539E002C813E /* Release */ = {
			isa = XCBuildConfiguration;
			buildSettings = {
				BUNDLE_LOADER = "$(BUILT_PRODUCTS_DIR)/p2.app/p2";
				FRAMEWORK_SEARCH_PATHS = (
					"$(SDKROOT)/Developer/Library/Frameworks",
					"$(inherited)",
					"$(DEVELOPER_FRAMEWORKS_DIR)",
				);
				GCC_PRECOMPILE_PREFIX_HEADER = YES;
				GCC_PREFIX_HEADER = "p2/p2-Prefix.pch";
				INFOPLIST_FILE = "p2Tests/p2Tests-Info.plist";
				PRODUCT_NAME = "$(TARGET_NAME)";
				TEST_HOST = "$(BUNDLE_LOADER)";
				WRAPPER_EXTENSION = xctest;
			};
			name = Release;
		};
/* End XCBuildConfiguration section */

/* Begin XCConfigurationList section */
		3FF341821A6E539D002C813E /* Build configuration list for PBXProject "p2" */ = {
			isa = XCConfigurationList;
			buildConfigurations = (
				3FF341B71A6E539E002C813E /* Debug */,
				3FF341B81A6E539E002C813E /* Release */,
			);
			defaultConfigurationIsVisible = 0;
			defaultConfigurationName = Release;
		};
		3FF341B91A6E539E002C813E /* Build configuration list for PBXNativeTarget "p2" */ = {
			isa = XCConfigurationList;
			buildConfigurations = (
				3FF341BA1A6E539E002C813E /* Debug */,
				3FF341BB1A6E539E002C813E /* Release */,
			);
			defaultConfigurationIsVisible = 0;
		};
		3FF341BC1A6E539E002C813E /* Build configuration list for PBXNativeTarget "p2Tests" */ = {
			isa = XCConfigurationList;
			buildConfigurations = (
				3FF341BD1A6E539E002C813E /* Debug */,
				3FF341BE1A6E539E002C813E /* Release */,
			);
			defaultConfigurationIsVisible = 0;
		};
/* End XCConfigurationList section */
	};
	rootObject = 3FF3417F1A6E539D002C813E /* Project object */;
}
