// !$*UTF8*$!
{
	archiveVersion = 1;
	classes = {
	};
	objectVersion = 46;
	objects = {

/* Begin PBXBuildFile section */
		3F9AF2221A72751C006C0916 /* Foundation.framework in Frameworks */ = {isa = PBXBuildFile; fileRef = 3F9AF2211A72751C006C0916 /* Foundation.framework */; };
		3F9AF2241A72751C006C0916 /* CoreGraphics.framework in Frameworks */ = {isa = PBXBuildFile; fileRef = 3F9AF2231A72751C006C0916 /* CoreGraphics.framework */; };
		3F9AF2261A72751C006C0916 /* UIKit.framework in Frameworks */ = {isa = PBXBuildFile; fileRef = 3F9AF2251A72751C006C0916 /* UIKit.framework */; };
		3F9AF22C1A72751C006C0916 /* InfoPlist.strings in Resources */ = {isa = PBXBuildFile; fileRef = 3F9AF22A1A72751C006C0916 /* InfoPlist.strings */; };
		3F9AF22E1A72751C006C0916 /* main.m in Sources */ = {isa = PBXBuildFile; fileRef = 3F9AF22D1A72751C006C0916 /* main.m */; };
		3F9AF2321A72751C006C0916 /* AppDelegate.m in Sources */ = {isa = PBXBuildFile; fileRef = 3F9AF2311A72751C006C0916 /* AppDelegate.m */; };
		3F9AF2351A72751C006C0916 /* Main.storyboard in Resources */ = {isa = PBXBuildFile; fileRef = 3F9AF2331A72751C006C0916 /* Main.storyboard */; };
		3F9AF2381A72751C006C0916 /* ViewController.m in Sources */ = {isa = PBXBuildFile; fileRef = 3F9AF2371A72751C006C0916 /* ViewController.m */; };
		3F9AF23A1A72751C006C0916 /* Images.xcassets in Resources */ = {isa = PBXBuildFile; fileRef = 3F9AF2391A72751C006C0916 /* Images.xcassets */; };
		3F9AF2411A72751C006C0916 /* XCTest.framework in Frameworks */ = {isa = PBXBuildFile; fileRef = 3F9AF2401A72751C006C0916 /* XCTest.framework */; };
		3F9AF2421A72751C006C0916 /* Foundation.framework in Frameworks */ = {isa = PBXBuildFile; fileRef = 3F9AF2211A72751C006C0916 /* Foundation.framework */; };
		3F9AF2431A72751C006C0916 /* UIKit.framework in Frameworks */ = {isa = PBXBuildFile; fileRef = 3F9AF2251A72751C006C0916 /* UIKit.framework */; };
		3F9AF24B1A72751C006C0916 /* InfoPlist.strings in Resources */ = {isa = PBXBuildFile; fileRef = 3F9AF2491A72751C006C0916 /* InfoPlist.strings */; };
		3F9AF24D1A72751C006C0916 /* p9_locationTests.m in Sources */ = {isa = PBXBuildFile; fileRef = 3F9AF24C1A72751C006C0916 /* p9_locationTests.m */; };
		3F9AF2571A727534006C0916 /* CoreLocation.framework in Frameworks */ = {isa = PBXBuildFile; fileRef = 3F9AF2561A727534006C0916 /* CoreLocation.framework */; settings = {ATTRIBUTES = (Required, ); }; };
/* End PBXBuildFile section */

/* Begin PBXContainerItemProxy section */
		3F9AF2441A72751C006C0916 /* PBXContainerItemProxy */ = {
			isa = PBXContainerItemProxy;
			containerPortal = 3F9AF2161A72751C006C0916 /* Project object */;
			proxyType = 1;
			remoteGlobalIDString = 3F9AF21D1A72751C006C0916;
			remoteInfo = "p9-location";
		};
/* End PBXContainerItemProxy section */

/* Begin PBXFileReference section */
		3F9AF21E1A72751C006C0916 /* p9-location.app */ = {isa = PBXFileReference; explicitFileType = wrapper.application; includeInIndex = 0; path = "p9-location.app"; sourceTree = BUILT_PRODUCTS_DIR; };
		3F9AF2211A72751C006C0916 /* Foundation.framework */ = {isa = PBXFileReference; lastKnownFileType = wrapper.framework; name = Foundation.framework; path = System/Library/Frameworks/Foundation.framework; sourceTree = SDKROOT; };
		3F9AF2231A72751C006C0916 /* CoreGraphics.framework */ = {isa = PBXFileReference; lastKnownFileType = wrapper.framework; name = CoreGraphics.framework; path = System/Library/Frameworks/CoreGraphics.framework; sourceTree = SDKROOT; };
		3F9AF2251A72751C006C0916 /* UIKit.framework */ = {isa = PBXFileReference; lastKnownFileType = wrapper.framework; name = UIKit.framework; path = System/Library/Frameworks/UIKit.framework; sourceTree = SDKROOT; };
		3F9AF2291A72751C006C0916 /* p9-location-Info.plist */ = {isa = PBXFileReference; lastKnownFileType = text.plist.xml; path = "p9-location-Info.plist"; sourceTree = "<group>"; };
		3F9AF22B1A72751C006C0916 /* en */ = {isa = PBXFileReference; lastKnownFileType = text.plist.strings; name = en; path = en.lproj/InfoPlist.strings; sourceTree = "<group>"; };
		3F9AF22D1A72751C006C0916 /* main.m */ = {isa = PBXFileReference; lastKnownFileType = sourcecode.c.objc; path = main.m; sourceTree = "<group>"; };
		3F9AF22F1A72751C006C0916 /* p9-location-Prefix.pch */ = {isa = PBXFileReference; lastKnownFileType = sourcecode.c.h; path = "p9-location-Prefix.pch"; sourceTree = "<group>"; };
		3F9AF2301A72751C006C0916 /* AppDelegate.h */ = {isa = PBXFileReference; lastKnownFileType = sourcecode.c.h; path = AppDelegate.h; sourceTree = "<group>"; };
		3F9AF2311A72751C006C0916 /* AppDelegate.m */ = {isa = PBXFileReference; lastKnownFileType = sourcecode.c.objc; path = AppDelegate.m; sourceTree = "<group>"; };
		3F9AF2341A72751C006C0916 /* Base */ = {isa = PBXFileReference; lastKnownFileType = file.storyboard; name = Base; path = Base.lproj/Main.storyboard; sourceTree = "<group>"; };
		3F9AF2361A72751C006C0916 /* ViewController.h */ = {isa = PBXFileReference; lastKnownFileType = sourcecode.c.h; path = ViewController.h; sourceTree = "<group>"; };
		3F9AF2371A72751C006C0916 /* ViewController.m */ = {isa = PBXFileReference; lastKnownFileType = sourcecode.c.objc; path = ViewController.m; sourceTree = "<group>"; };
		3F9AF2391A72751C006C0916 /* Images.xcassets */ = {isa = PBXFileReference; lastKnownFileType = folder.assetcatalog; path = Images.xcassets; sourceTree = "<group>"; };
		3F9AF23F1A72751C006C0916 /* p9-locationTests.xctest */ = {isa = PBXFileReference; explicitFileType = wrapper.cfbundle; includeInIndex = 0; path = "p9-locationTests.xctest"; sourceTree = BUILT_PRODUCTS_DIR; };
		3F9AF2401A72751C006C0916 /* XCTest.framework */ = {isa = PBXFileReference; lastKnownFileType = wrapper.framework; name = XCTest.framework; path = Library/Frameworks/XCTest.framework; sourceTree = DEVELOPER_DIR; };
		3F9AF2481A72751C006C0916 /* p9-locationTests-Info.plist */ = {isa = PBXFileReference; lastKnownFileType = text.plist.xml; path = "p9-locationTests-Info.plist"; sourceTree = "<group>"; };
		3F9AF24A1A72751C006C0916 /* en */ = {isa = PBXFileReference; lastKnownFileType = text.plist.strings; name = en; path = en.lproj/InfoPlist.strings; sourceTree = "<group>"; };
		3F9AF24C1A72751C006C0916 /* p9_locationTests.m */ = {isa = PBXFileReference; lastKnownFileType = sourcecode.c.objc; path = p9_locationTests.m; sourceTree = "<group>"; };
		3F9AF2561A727534006C0916 /* CoreLocation.framework */ = {isa = PBXFileReference; lastKnownFileType = wrapper.framework; name = CoreLocation.framework; path = System/Library/Frameworks/CoreLocation.framework; sourceTree = SDKROOT; };
/* End PBXFileReference section */

/* Begin PBXFrameworksBuildPhase section */
		3F9AF21B1A72751C006C0916 /* Frameworks */ = {
			isa = PBXFrameworksBuildPhase;
			buildActionMask = 2147483647;
			files = (
				3F9AF2571A727534006C0916 /* CoreLocation.framework in Frameworks */,
				3F9AF2241A72751C006C0916 /* CoreGraphics.framework in Frameworks */,
				3F9AF2261A72751C006C0916 /* UIKit.framework in Frameworks */,
				3F9AF2221A72751C006C0916 /* Foundation.framework in Frameworks */,
			);
			runOnlyForDeploymentPostprocessing = 0;
		};
		3F9AF23C1A72751C006C0916 /* Frameworks */ = {
			isa = PBXFrameworksBuildPhase;
			buildActionMask = 2147483647;
			files = (
				3F9AF2411A72751C006C0916 /* XCTest.framework in Frameworks */,
				3F9AF2431A72751C006C0916 /* UIKit.framework in Frameworks */,
				3F9AF2421A72751C006C0916 /* Foundation.framework in Frameworks */,
			);
			runOnlyForDeploymentPostprocessing = 0;
		};
/* End PBXFrameworksBuildPhase section */

/* Begin PBXGroup section */
		3F9AF2151A72751C006C0916 = {
			isa = PBXGroup;
			children = (
				3F9AF2271A72751C006C0916 /* p9-location */,
				3F9AF2461A72751C006C0916 /* p9-locationTests */,
				3F9AF2201A72751C006C0916 /* Frameworks */,
				3F9AF21F1A72751C006C0916 /* Products */,
			);
			sourceTree = "<group>";
		};
		3F9AF21F1A72751C006C0916 /* Products */ = {
			isa = PBXGroup;
			children = (
				3F9AF21E1A72751C006C0916 /* p9-location.app */,
				3F9AF23F1A72751C006C0916 /* p9-locationTests.xctest */,
			);
			name = Products;
			sourceTree = "<group>";
		};
		3F9AF2201A72751C006C0916 /* Frameworks */ = {
			isa = PBXGroup;
			children = (
				3F9AF2561A727534006C0916 /* CoreLocation.framework */,
				3F9AF2211A72751C006C0916 /* Foundation.framework */,
				3F9AF2231A72751C006C0916 /* CoreGraphics.framework */,
				3F9AF2251A72751C006C0916 /* UIKit.framework */,
				3F9AF2401A72751C006C0916 /* XCTest.framework */,
			);
			name = Frameworks;
			sourceTree = "<group>";
		};
		3F9AF2271A72751C006C0916 /* p9-location */ = {
			isa = PBXGroup;
			children = (
				3F9AF2301A72751C006C0916 /* AppDelegate.h */,
				3F9AF2311A72751C006C0916 /* AppDelegate.m */,
				3F9AF2331A72751C006C0916 /* Main.storyboard */,
				3F9AF2361A72751C006C0916 /* ViewController.h */,
				3F9AF2371A72751C006C0916 /* ViewController.m */,
				3F9AF2391A72751C006C0916 /* Images.xcassets */,
				3F9AF2281A72751C006C0916 /* Supporting Files */,
			);
			path = "p9-location";
			sourceTree = "<group>";
		};
		3F9AF2281A72751C006C0916 /* Supporting Files */ = {
			isa = PBXGroup;
			children = (
				3F9AF2291A72751C006C0916 /* p9-location-Info.plist */,
				3F9AF22A1A72751C006C0916 /* InfoPlist.strings */,
				3F9AF22D1A72751C006C0916 /* main.m */,
				3F9AF22F1A72751C006C0916 /* p9-location-Prefix.pch */,
			);
			name = "Supporting Files";
			sourceTree = "<group>";
		};
		3F9AF2461A72751C006C0916 /* p9-locationTests */ = {
			isa = PBXGroup;
			children = (
				3F9AF24C1A72751C006C0916 /* p9_locationTests.m */,
				3F9AF2471A72751C006C0916 /* Supporting Files */,
			);
			path = "p9-locationTests";
			sourceTree = "<group>";
		};
		3F9AF2471A72751C006C0916 /* Supporting Files */ = {
			isa = PBXGroup;
			children = (
				3F9AF2481A72751C006C0916 /* p9-locationTests-Info.plist */,
				3F9AF2491A72751C006C0916 /* InfoPlist.strings */,
			);
			name = "Supporting Files";
			sourceTree = "<group>";
		};
/* End PBXGroup section */

/* Begin PBXNativeTarget section */
		3F9AF21D1A72751C006C0916 /* p9-location */ = {
			isa = PBXNativeTarget;
			buildConfigurationList = 3F9AF2501A72751C006C0916 /* Build configuration list for PBXNativeTarget "p9-location" */;
			buildPhases = (
				3F9AF21A1A72751C006C0916 /* Sources */,
				3F9AF21B1A72751C006C0916 /* Frameworks */,
				3F9AF21C1A72751C006C0916 /* Resources */,
			);
			buildRules = (
			);
			dependencies = (
			);
			name = "p9-location";
			productName = "p9-location";
			productReference = 3F9AF21E1A72751C006C0916 /* p9-location.app */;
			productType = "com.apple.product-type.application";
		};
		3F9AF23E1A72751C006C0916 /* p9-locationTests */ = {
			isa = PBXNativeTarget;
			buildConfigurationList = 3F9AF2531A72751C006C0916 /* Build configuration list for PBXNativeTarget "p9-locationTests" */;
			buildPhases = (
				3F9AF23B1A72751C006C0916 /* Sources */,
				3F9AF23C1A72751C006C0916 /* Frameworks */,
				3F9AF23D1A72751C006C0916 /* Resources */,
			);
			buildRules = (
			);
			dependencies = (
				3F9AF2451A72751C006C0916 /* PBXTargetDependency */,
			);
			name = "p9-locationTests";
			productName = "p9-locationTests";
			productReference = 3F9AF23F1A72751C006C0916 /* p9-locationTests.xctest */;
			productType = "com.apple.product-type.bundle.unit-test";
		};
/* End PBXNativeTarget section */

/* Begin PBXProject section */
		3F9AF2161A72751C006C0916 /* Project object */ = {
			isa = PBXProject;
			attributes = {
				LastUpgradeCheck = 0510;
				ORGANIZATIONNAME = student;
				TargetAttributes = {
					3F9AF21D1A72751C006C0916 = {
						SystemCapabilities = {
							com.apple.BackgroundModes = {
								enabled = 1;
							};
						};
					};
					3F9AF23E1A72751C006C0916 = {
						TestTargetID = 3F9AF21D1A72751C006C0916;
					};
				};
			};
			buildConfigurationList = 3F9AF2191A72751C006C0916 /* Build configuration list for PBXProject "p9-location" */;
			compatibilityVersion = "Xcode 3.2";
			developmentRegion = English;
			hasScannedForEncodings = 0;
			knownRegions = (
				en,
				Base,
			);
			mainGroup = 3F9AF2151A72751C006C0916;
			productRefGroup = 3F9AF21F1A72751C006C0916 /* Products */;
			projectDirPath = "";
			projectRoot = "";
			targets = (
				3F9AF21D1A72751C006C0916 /* p9-location */,
				3F9AF23E1A72751C006C0916 /* p9-locationTests */,
			);
		};
/* End PBXProject section */

/* Begin PBXResourcesBuildPhase section */
		3F9AF21C1A72751C006C0916 /* Resources */ = {
			isa = PBXResourcesBuildPhase;
			buildActionMask = 2147483647;
			files = (
				3F9AF23A1A72751C006C0916 /* Images.xcassets in Resources */,
				3F9AF22C1A72751C006C0916 /* InfoPlist.strings in Resources */,
				3F9AF2351A72751C006C0916 /* Main.storyboard in Resources */,
			);
			runOnlyForDeploymentPostprocessing = 0;
		};
		3F9AF23D1A72751C006C0916 /* Resources */ = {
			isa = PBXResourcesBuildPhase;
			buildActionMask = 2147483647;
			files = (
				3F9AF24B1A72751C006C0916 /* InfoPlist.strings in Resources */,
			);
			runOnlyForDeploymentPostprocessing = 0;
		};
/* End PBXResourcesBuildPhase section */

/* Begin PBXSourcesBuildPhase section */
		3F9AF21A1A72751C006C0916 /* Sources */ = {
			isa = PBXSourcesBuildPhase;
			buildActionMask = 2147483647;
			files = (
				3F9AF2381A72751C006C0916 /* ViewController.m in Sources */,
				3F9AF2321A72751C006C0916 /* AppDelegate.m in Sources */,
				3F9AF22E1A72751C006C0916 /* main.m in Sources */,
			);
			runOnlyForDeploymentPostprocessing = 0;
		};
		3F9AF23B1A72751C006C0916 /* Sources */ = {
			isa = PBXSourcesBuildPhase;
			buildActionMask = 2147483647;
			files = (
				3F9AF24D1A72751C006C0916 /* p9_locationTests.m in Sources */,
			);
			runOnlyForDeploymentPostprocessing = 0;
		};
/* End PBXSourcesBuildPhase section */

/* Begin PBXTargetDependency section */
		3F9AF2451A72751C006C0916 /* PBXTargetDependency */ = {
			isa = PBXTargetDependency;
			target = 3F9AF21D1A72751C006C0916 /* p9-location */;
			targetProxy = 3F9AF2441A72751C006C0916 /* PBXContainerItemProxy */;
		};
/* End PBXTargetDependency section */

/* Begin PBXVariantGroup section */
		3F9AF22A1A72751C006C0916 /* InfoPlist.strings */ = {
			isa = PBXVariantGroup;
			children = (
				3F9AF22B1A72751C006C0916 /* en */,
			);
			name = InfoPlist.strings;
			sourceTree = "<group>";
		};
		3F9AF2331A72751C006C0916 /* Main.storyboard */ = {
			isa = PBXVariantGroup;
			children = (
				3F9AF2341A72751C006C0916 /* Base */,
			);
			name = Main.storyboard;
			sourceTree = "<group>";
		};
		3F9AF2491A72751C006C0916 /* InfoPlist.strings */ = {
			isa = PBXVariantGroup;
			children = (
				3F9AF24A1A72751C006C0916 /* en */,
			);
			name = InfoPlist.strings;
			sourceTree = "<group>";
		};
/* End PBXVariantGroup section */

/* Begin XCBuildConfiguration section */
		3F9AF24E1A72751C006C0916 /* Debug */ = {
			isa = XCBuildConfiguration;
			buildSettings = {
				ALWAYS_SEARCH_USER_PATHS = NO;
				CLANG_CXX_LANGUAGE_STANDARD = "gnu++0x";
				CLANG_CXX_LIBRARY = "libc++";
				CLANG_ENABLE_MODULES = YES;
				CLANG_ENABLE_OBJC_ARC = YES;
				CLANG_WARN_BOOL_CONVERSION = YES;
				CLANG_WARN_CONSTANT_CONVERSION = YES;
				CLANG_WARN_DIRECT_OBJC_ISA_USAGE = YES_ERROR;
				CLANG_WARN_EMPTY_BODY = YES;
				CLANG_WARN_ENUM_CONVERSION = YES;
				CLANG_WARN_INT_CONVERSION = YES;
				CLANG_WARN_OBJC_ROOT_CLASS = YES_ERROR;
				CLANG_WARN__DUPLICATE_METHOD_MATCH = YES;
				"CODE_SIGN_IDENTITY[sdk=iphoneos*]" = "iPhone Developer";
				COPY_PHASE_STRIP = NO;
				GCC_C_LANGUAGE_STANDARD = gnu99;
				GCC_DYNAMIC_NO_PIC = NO;
				GCC_OPTIMIZATION_LEVEL = 0;
				GCC_PREPROCESSOR_DEFINITIONS = (
					"DEBUG=1",
					"$(inherited)",
				);
				GCC_SYMBOLS_PRIVATE_EXTERN = NO;
				GCC_WARN_64_TO_32_BIT_CONVERSION = YES;
				GCC_WARN_ABOUT_RETURN_TYPE = YES_ERROR;
				GCC_WARN_UNDECLARED_SELECTOR = YES;
				GCC_WARN_UNINITIALIZED_AUTOS = YES_AGGRESSIVE;
				GCC_WARN_UNUSED_FUNCTION = YES;
				GCC_WARN_UNUSED_VARIABLE = YES;
				IPHONEOS_DEPLOYMENT_TARGET = 7.1;
				ONLY_ACTIVE_ARCH = YES;
				SDKROOT = iphoneos;
			};
			name = Debug;
		};
		3F9AF24F1A72751C006C0916 /* Release */ = {
			isa = XCBuildConfiguration;
			buildSettings = {
				ALWAYS_SEARCH_USER_PATHS = NO;
				CLANG_CXX_LANGUAGE_STANDARD = "gnu++0x";
				CLANG_CXX_LIBRARY = "libc++";
				CLANG_ENABLE_MODULES = YES;
				CLANG_ENABLE_OBJC_ARC = YES;
				CLANG_WARN_BOOL_CONVERSION = YES;
				CLANG_WARN_CONSTANT_CONVERSION = YES;
				CLANG_WARN_DIRECT_OBJC_ISA_USAGE = YES_ERROR;
				CLANG_WARN_EMPTY_BODY = YES;
				CLANG_WARN_ENUM_CONVERSION = YES;
				CLANG_WARN_INT_CONVERSION = YES;
				CLANG_WARN_OBJC_ROOT_CLASS = YES_ERROR;
				CLANG_WARN__DUPLICATE_METHOD_MATCH = YES;
				"CODE_SIGN_IDENTITY[sdk=iphoneos*]" = "iPhone Developer";
				COPY_PHASE_STRIP = YES;
				ENABLE_NS_ASSERTIONS = NO;
				GCC_C_LANGUAGE_STANDARD = gnu99;
				GCC_WARN_64_TO_32_BIT_CONVERSION = YES;
				GCC_WARN_ABOUT_RETURN_TYPE = YES_ERROR;
				GCC_WARN_UNDECLARED_SELECTOR = YES;
				GCC_WARN_UNINITIALIZED_AUTOS = YES_AGGRESSIVE;
				GCC_WARN_UNUSED_FUNCTION = YES;
				GCC_WARN_UNUSED_VARIABLE = YES;
				IPHONEOS_DEPLOYMENT_TARGET = 7.1;
				SDKROOT = iphoneos;
				VALIDATE_PRODUCT = YES;
			};
			name = Release;
		};
		3F9AF2511A72751C006C0916 /* Debug */ = {
			isa = XCBuildConfiguration;
			buildSettings = {
				ASSETCATALOG_COMPILER_APPICON_NAME = AppIcon;
				ASSETCATALOG_COMPILER_LAUNCHIMAGE_NAME = LaunchImage;
				GCC_PRECOMPILE_PREFIX_HEADER = YES;
				GCC_PREFIX_HEADER = "p9-location/p9-location-Prefix.pch";
				INFOPLIST_FILE = "p9-location/p9-location-Info.plist";
				PRODUCT_NAME = "$(TARGET_NAME)";
				WRAPPER_EXTENSION = app;
			};
			name = Debug;
		};
		3F9AF2521A72751C006C0916 /* Release */ = {
			isa = XCBuildConfiguration;
			buildSettings = {
				ASSETCATALOG_COMPILER_APPICON_NAME = AppIcon;
				ASSETCATALOG_COMPILER_LAUNCHIMAGE_NAME = LaunchImage;
				GCC_PRECOMPILE_PREFIX_HEADER = YES;
				GCC_PREFIX_HEADER = "p9-location/p9-location-Prefix.pch";
				INFOPLIST_FILE = "p9-location/p9-location-Info.plist";
				PRODUCT_NAME = "$(TARGET_NAME)";
				WRAPPER_EXTENSION = app;
			};
			name = Release;
		};
		3F9AF2541A72751C006C0916 /* Debug */ = {
			isa = XCBuildConfiguration;
			buildSettings = {
				BUNDLE_LOADER = "$(BUILT_PRODUCTS_DIR)/p9-location.app/p9-location";
				FRAMEWORK_SEARCH_PATHS = (
					"$(SDKROOT)/Developer/Library/Frameworks",
					"$(inherited)",
					"$(DEVELOPER_FRAMEWORKS_DIR)",
				);
				GCC_PRECOMPILE_PREFIX_HEADER = YES;
				GCC_PREFIX_HEADER = "p9-location/p9-location-Prefix.pch";
				GCC_PREPROCESSOR_DEFINITIONS = (
					"DEBUG=1",
					"$(inherited)",
				);
				INFOPLIST_FILE = "p9-locationTests/p9-locationTests-Info.plist";
				PRODUCT_NAME = "$(TARGET_NAME)";
				TEST_HOST = "$(BUNDLE_LOADER)";
				WRAPPER_EXTENSION = xctest;
			};
			name = Debug;
		};
		3F9AF2551A72751C006C0916 /* Release */ = {
			isa = XCBuildConfiguration;
			buildSettings = {
				BUNDLE_LOADER = "$(BUILT_PRODUCTS_DIR)/p9-location.app/p9-location";
				FRAMEWORK_SEARCH_PATHS = (
					"$(SDKROOT)/Developer/Library/Frameworks",
					"$(inherited)",
					"$(DEVELOPER_FRAMEWORKS_DIR)",
				);
				GCC_PRECOMPILE_PREFIX_HEADER = YES;
				GCC_PREFIX_HEADER = "p9-location/p9-location-Prefix.pch";
				INFOPLIST_FILE = "p9-locationTests/p9-locationTests-Info.plist";
				PRODUCT_NAME = "$(TARGET_NAME)";
				TEST_HOST = "$(BUNDLE_LOADER)";
				WRAPPER_EXTENSION = xctest;
			};
			name = Release;
		};
/* End XCBuildConfiguration section */

/* Begin XCConfigurationList section */
		3F9AF2191A72751C006C0916 /* Build configuration list for PBXProject "p9-location" */ = {
			isa = XCConfigurationList;
			buildConfigurations = (
				3F9AF24E1A72751C006C0916 /* Debug */,
				3F9AF24F1A72751C006C0916 /* Release */,
			);
			defaultConfigurationIsVisible = 0;
			defaultConfigurationName = Release;
		};
		3F9AF2501A72751C006C0916 /* Build configuration list for PBXNativeTarget "p9-location" */ = {
			isa = XCConfigurationList;
			buildConfigurations = (
				3F9AF2511A72751C006C0916 /* Debug */,
				3F9AF2521A72751C006C0916 /* Release */,
			);
			defaultConfigurationIsVisible = 0;
		};
		3F9AF2531A72751C006C0916 /* Build configuration list for PBXNativeTarget "p9-locationTests" */ = {
			isa = XCConfigurationList;
			buildConfigurations = (
				3F9AF2541A72751C006C0916 /* Debug */,
				3F9AF2551A72751C006C0916 /* Release */,
			);
			defaultConfigurationIsVisible = 0;
		};
/* End XCConfigurationList section */
	};
	rootObject = 3F9AF2161A72751C006C0916 /* Project object */;
}
