// !$*UTF8*$!
{
	archiveVersion = 1;
	classes = {
	};
	objectVersion = 46;
	objects = {

/* Begin PBXBuildFile section */
		3F1647FC1A6E7AE100C2B80B /* Foundation.framework in Frameworks */ = {isa = PBXBuildFile; fileRef = 3F1647FB1A6E7AE100C2B80B /* Foundation.framework */; };
		3F1647FE1A6E7AE100C2B80B /* CoreGraphics.framework in Frameworks */ = {isa = PBXBuildFile; fileRef = 3F1647FD1A6E7AE100C2B80B /* CoreGraphics.framework */; };
		3F1648001A6E7AE100C2B80B /* UIKit.framework in Frameworks */ = {isa = PBXBuildFile; fileRef = 3F1647FF1A6E7AE100C2B80B /* UIKit.framework */; };
		3F1648061A6E7AE100C2B80B /* InfoPlist.strings in Resources */ = {isa = PBXBuildFile; fileRef = 3F1648041A6E7AE100C2B80B /* InfoPlist.strings */; };
		3F1648081A6E7AE100C2B80B /* main.m in Sources */ = {isa = PBXBuildFile; fileRef = 3F1648071A6E7AE100C2B80B /* main.m */; };
		3F16480C1A6E7AE100C2B80B /* AppDelegate.m in Sources */ = {isa = PBXBuildFile; fileRef = 3F16480B1A6E7AE100C2B80B /* AppDelegate.m */; };
		3F16480F1A6E7AE100C2B80B /* Main.storyboard in Resources */ = {isa = PBXBuildFile; fileRef = 3F16480D1A6E7AE100C2B80B /* Main.storyboard */; };
		3F1648121A6E7AE100C2B80B /* ViewController.m in Sources */ = {isa = PBXBuildFile; fileRef = 3F1648111A6E7AE100C2B80B /* ViewController.m */; };
		3F1648141A6E7AE100C2B80B /* Images.xcassets in Resources */ = {isa = PBXBuildFile; fileRef = 3F1648131A6E7AE100C2B80B /* Images.xcassets */; };
		3F16481B1A6E7AE100C2B80B /* XCTest.framework in Frameworks */ = {isa = PBXBuildFile; fileRef = 3F16481A1A6E7AE100C2B80B /* XCTest.framework */; };
		3F16481C1A6E7AE100C2B80B /* Foundation.framework in Frameworks */ = {isa = PBXBuildFile; fileRef = 3F1647FB1A6E7AE100C2B80B /* Foundation.framework */; };
		3F16481D1A6E7AE100C2B80B /* UIKit.framework in Frameworks */ = {isa = PBXBuildFile; fileRef = 3F1647FF1A6E7AE100C2B80B /* UIKit.framework */; };
		3F1648251A6E7AE100C2B80B /* InfoPlist.strings in Resources */ = {isa = PBXBuildFile; fileRef = 3F1648231A6E7AE100C2B80B /* InfoPlist.strings */; };
		3F1648271A6E7AE100C2B80B /* p3Tests.m in Sources */ = {isa = PBXBuildFile; fileRef = 3F1648261A6E7AE100C2B80B /* p3Tests.m */; };
		3F9AF0491A6E8CD1006C0916 /* MyTableViewCell.m in Sources */ = {isa = PBXBuildFile; fileRef = 3F9AF0471A6E8CD1006C0916 /* MyTableViewCell.m */; };
		3F9AF04A1A6E8CD1006C0916 /* MyTableViewCell.xib in Resources */ = {isa = PBXBuildFile; fileRef = 3F9AF0481A6E8CD1006C0916 /* MyTableViewCell.xib */; };
		3F9AF04D1A6E99B1006C0916 /* ViewController2.m in Sources */ = {isa = PBXBuildFile; fileRef = 3F9AF04C1A6E99B1006C0916 /* ViewController2.m */; };
/* End PBXBuildFile section */

/* Begin PBXContainerItemProxy section */
		3F16481E1A6E7AE100C2B80B /* PBXContainerItemProxy */ = {
			isa = PBXContainerItemProxy;
			containerPortal = 3F1647F01A6E7AE100C2B80B /* Project object */;
			proxyType = 1;
			remoteGlobalIDString = 3F1647F71A6E7AE100C2B80B;
			remoteInfo = p3;
		};
/* End PBXContainerItemProxy section */

/* Begin PBXFileReference section */
		3F1647F81A6E7AE100C2B80B /* p3.app */ = {isa = PBXFileReference; explicitFileType = wrapper.application; includeInIndex = 0; path = p3.app; sourceTree = BUILT_PRODUCTS_DIR; };
		3F1647FB1A6E7AE100C2B80B /* Foundation.framework */ = {isa = PBXFileReference; lastKnownFileType = wrapper.framework; name = Foundation.framework; path = System/Library/Frameworks/Foundation.framework; sourceTree = SDKROOT; };
		3F1647FD1A6E7AE100C2B80B /* CoreGraphics.framework */ = {isa = PBXFileReference; lastKnownFileType = wrapper.framework; name = CoreGraphics.framework; path = System/Library/Frameworks/CoreGraphics.framework; sourceTree = SDKROOT; };
		3F1647FF1A6E7AE100C2B80B /* UIKit.framework */ = {isa = PBXFileReference; lastKnownFileType = wrapper.framework; name = UIKit.framework; path = System/Library/Frameworks/UIKit.framework; sourceTree = SDKROOT; };
		3F1648031A6E7AE100C2B80B /* p3-Info.plist */ = {isa = PBXFileReference; lastKnownFileType = text.plist.xml; path = "p3-Info.plist"; sourceTree = "<group>"; };
		3F1648051A6E7AE100C2B80B /* en */ = {isa = PBXFileReference; lastKnownFileType = text.plist.strings; name = en; path = en.lproj/InfoPlist.strings; sourceTree = "<group>"; };
		3F1648071A6E7AE100C2B80B /* main.m */ = {isa = PBXFileReference; lastKnownFileType = sourcecode.c.objc; path = main.m; sourceTree = "<group>"; };
		3F1648091A6E7AE100C2B80B /* p3-Prefix.pch */ = {isa = PBXFileReference; lastKnownFileType = sourcecode.c.h; path = "p3-Prefix.pch"; sourceTree = "<group>"; };
		3F16480A1A6E7AE100C2B80B /* AppDelegate.h */ = {isa = PBXFileReference; lastKnownFileType = sourcecode.c.h; path = AppDelegate.h; sourceTree = "<group>"; };
		3F16480B1A6E7AE100C2B80B /* AppDelegate.m */ = {isa = PBXFileReference; lastKnownFileType = sourcecode.c.objc; path = AppDelegate.m; sourceTree = "<group>"; };
		3F16480E1A6E7AE100C2B80B /* Base */ = {isa = PBXFileReference; lastKnownFileType = file.storyboard; name = Base; path = Base.lproj/Main.storyboard; sourceTree = "<group>"; };
		3F1648101A6E7AE100C2B80B /* ViewController.h */ = {isa = PBXFileReference; lastKnownFileType = sourcecode.c.h; path = ViewController.h; sourceTree = "<group>"; };
		3F1648111A6E7AE100C2B80B /* ViewController.m */ = {isa = PBXFileReference; lastKnownFileType = sourcecode.c.objc; path = ViewController.m; sourceTree = "<group>"; };
		3F1648131A6E7AE100C2B80B /* Images.xcassets */ = {isa = PBXFileReference; lastKnownFileType = folder.assetcatalog; path = Images.xcassets; sourceTree = "<group>"; };
		3F1648191A6E7AE100C2B80B /* p3Tests.xctest */ = {isa = PBXFileReference; explicitFileType = wrapper.cfbundle; includeInIndex = 0; path = p3Tests.xctest; sourceTree = BUILT_PRODUCTS_DIR; };
		3F16481A1A6E7AE100C2B80B /* XCTest.framework */ = {isa = PBXFileReference; lastKnownFileType = wrapper.framework; name = XCTest.framework; path = Library/Frameworks/XCTest.framework; sourceTree = DEVELOPER_DIR; };
		3F1648221A6E7AE100C2B80B /* p3Tests-Info.plist */ = {isa = PBXFileReference; lastKnownFileType = text.plist.xml; path = "p3Tests-Info.plist"; sourceTree = "<group>"; };
		3F1648241A6E7AE100C2B80B /* en */ = {isa = PBXFileReference; lastKnownFileType = text.plist.strings; name = en; path = en.lproj/InfoPlist.strings; sourceTree = "<group>"; };
		3F1648261A6E7AE100C2B80B /* p3Tests.m */ = {isa = PBXFileReference; lastKnownFileType = sourcecode.c.objc; path = p3Tests.m; sourceTree = "<group>"; };
		3F9AF0461A6E8CD1006C0916 /* MyTableViewCell.h */ = {isa = PBXFileReference; fileEncoding = 4; lastKnownFileType = sourcecode.c.h; path = MyTableViewCell.h; sourceTree = "<group>"; };
		3F9AF0471A6E8CD1006C0916 /* MyTableViewCell.m */ = {isa = PBXFileReference; fileEncoding = 4; lastKnownFileType = sourcecode.c.objc; path = MyTableViewCell.m; sourceTree = "<group>"; };
		3F9AF0481A6E8CD1006C0916 /* MyTableViewCell.xib */ = {isa = PBXFileReference; fileEncoding = 4; lastKnownFileType = file.xib; path = MyTableViewCell.xib; sourceTree = "<group>"; };
		3F9AF04B1A6E99B1006C0916 /* ViewController2.h */ = {isa = PBXFileReference; fileEncoding = 4; lastKnownFileType = sourcecode.c.h; path = ViewController2.h; sourceTree = "<group>"; };
		3F9AF04C1A6E99B1006C0916 /* ViewController2.m */ = {isa = PBXFileReference; fileEncoding = 4; lastKnownFileType = sourcecode.c.objc; path = ViewController2.m; sourceTree = "<group>"; };
/* End PBXFileReference section */

/* Begin PBXFrameworksBuildPhase section */
		3F1647F51A6E7AE100C2B80B /* Frameworks */ = {
			isa = PBXFrameworksBuildPhase;
			buildActionMask = 2147483647;
			files = (
				3F1647FE1A6E7AE100C2B80B /* CoreGraphics.framework in Frameworks */,
				3F1648001A6E7AE100C2B80B /* UIKit.framework in Frameworks */,
				3F1647FC1A6E7AE100C2B80B /* Foundation.framework in Frameworks */,
			);
			runOnlyForDeploymentPostprocessing = 0;
		};
		3F1648161A6E7AE100C2B80B /* Frameworks */ = {
			isa = PBXFrameworksBuildPhase;
			buildActionMask = 2147483647;
			files = (
				3F16481B1A6E7AE100C2B80B /* XCTest.framework in Frameworks */,
				3F16481D1A6E7AE100C2B80B /* UIKit.framework in Frameworks */,
				3F16481C1A6E7AE100C2B80B /* Foundation.framework in Frameworks */,
			);
			runOnlyForDeploymentPostprocessing = 0;
		};
/* End PBXFrameworksBuildPhase section */

/* Begin PBXGroup section */
		3F1647EF1A6E7AE100C2B80B = {
			isa = PBXGroup;
			children = (
				3F1648011A6E7AE100C2B80B /* p3 */,
				3F1648201A6E7AE100C2B80B /* p3Tests */,
				3F1647FA1A6E7AE100C2B80B /* Frameworks */,
				3F1647F91A6E7AE100C2B80B /* Products */,
			);
			sourceTree = "<group>";
		};
		3F1647F91A6E7AE100C2B80B /* Products */ = {
			isa = PBXGroup;
			children = (
				3F1647F81A6E7AE100C2B80B /* p3.app */,
				3F1648191A6E7AE100C2B80B /* p3Tests.xctest */,
			);
			name = Products;
			sourceTree = "<group>";
		};
		3F1647FA1A6E7AE100C2B80B /* Frameworks */ = {
			isa = PBXGroup;
			children = (
				3F1647FB1A6E7AE100C2B80B /* Foundation.framework */,
				3F1647FD1A6E7AE100C2B80B /* CoreGraphics.framework */,
				3F1647FF1A6E7AE100C2B80B /* UIKit.framework */,
				3F16481A1A6E7AE100C2B80B /* XCTest.framework */,
			);
			name = Frameworks;
			sourceTree = "<group>";
		};
		3F1648011A6E7AE100C2B80B /* p3 */ = {
			isa = PBXGroup;
			children = (
				3F16480A1A6E7AE100C2B80B /* AppDelegate.h */,
				3F16480B1A6E7AE100C2B80B /* AppDelegate.m */,
				3F16480D1A6E7AE100C2B80B /* Main.storyboard */,
				3F1648101A6E7AE100C2B80B /* ViewController.h */,
				3F1648111A6E7AE100C2B80B /* ViewController.m */,
				3F1648131A6E7AE100C2B80B /* Images.xcassets */,
				3F1648021A6E7AE100C2B80B /* Supporting Files */,
				3F9AF0461A6E8CD1006C0916 /* MyTableViewCell.h */,
				3F9AF0471A6E8CD1006C0916 /* MyTableViewCell.m */,
				3F9AF0481A6E8CD1006C0916 /* MyTableViewCell.xib */,
				3F9AF04B1A6E99B1006C0916 /* ViewController2.h */,
				3F9AF04C1A6E99B1006C0916 /* ViewController2.m */,
			);
			path = p3;
			sourceTree = "<group>";
		};
		3F1648021A6E7AE100C2B80B /* Supporting Files */ = {
			isa = PBXGroup;
			children = (
				3F1648031A6E7AE100C2B80B /* p3-Info.plist */,
				3F1648041A6E7AE100C2B80B /* InfoPlist.strings */,
				3F1648071A6E7AE100C2B80B /* main.m */,
				3F1648091A6E7AE100C2B80B /* p3-Prefix.pch */,
			);
			name = "Supporting Files";
			sourceTree = "<group>";
		};
		3F1648201A6E7AE100C2B80B /* p3Tests */ = {
			isa = PBXGroup;
			children = (
				3F1648261A6E7AE100C2B80B /* p3Tests.m */,
				3F1648211A6E7AE100C2B80B /* Supporting Files */,
			);
			path = p3Tests;
			sourceTree = "<group>";
		};
		3F1648211A6E7AE100C2B80B /* Supporting Files */ = {
			isa = PBXGroup;
			children = (
				3F1648221A6E7AE100C2B80B /* p3Tests-Info.plist */,
				3F1648231A6E7AE100C2B80B /* InfoPlist.strings */,
			);
			name = "Supporting Files";
			sourceTree = "<group>";
		};
/* End PBXGroup section */

/* Begin PBXNativeTarget section */
		3F1647F71A6E7AE100C2B80B /* p3 */ = {
			isa = PBXNativeTarget;
			buildConfigurationList = 3F16482A1A6E7AE100C2B80B /* Build configuration list for PBXNativeTarget "p3" */;
			buildPhases = (
				3F1647F41A6E7AE100C2B80B /* Sources */,
				3F1647F51A6E7AE100C2B80B /* Frameworks */,
				3F1647F61A6E7AE100C2B80B /* Resources */,
			);
			buildRules = (
			);
			dependencies = (
			);
			name = p3;
			productName = p3;
			productReference = 3F1647F81A6E7AE100C2B80B /* p3.app */;
			productType = "com.apple.product-type.application";
		};
		3F1648181A6E7AE100C2B80B /* p3Tests */ = {
			isa = PBXNativeTarget;
			buildConfigurationList = 3F16482D1A6E7AE100C2B80B /* Build configuration list for PBXNativeTarget "p3Tests" */;
			buildPhases = (
				3F1648151A6E7AE100C2B80B /* Sources */,
				3F1648161A6E7AE100C2B80B /* Frameworks */,
				3F1648171A6E7AE100C2B80B /* Resources */,
			);
			buildRules = (
			);
			dependencies = (
				3F16481F1A6E7AE100C2B80B /* PBXTargetDependency */,
			);
			name = p3Tests;
			productName = p3Tests;
			productReference = 3F1648191A6E7AE100C2B80B /* p3Tests.xctest */;
			productType = "com.apple.product-type.bundle.unit-test";
		};
/* End PBXNativeTarget section */

/* Begin PBXProject section */
		3F1647F01A6E7AE100C2B80B /* Project object */ = {
			isa = PBXProject;
			attributes = {
				LastUpgradeCheck = 0510;
				ORGANIZATIONNAME = student;
				TargetAttributes = {
					3F1648181A6E7AE100C2B80B = {
						TestTargetID = 3F1647F71A6E7AE100C2B80B;
					};
				};
			};
			buildConfigurationList = 3F1647F31A6E7AE100C2B80B /* Build configuration list for PBXProject "p3" */;
			compatibilityVersion = "Xcode 3.2";
			developmentRegion = English;
			hasScannedForEncodings = 0;
			knownRegions = (
				en,
				Base,
			);
			mainGroup = 3F1647EF1A6E7AE100C2B80B;
			productRefGroup = 3F1647F91A6E7AE100C2B80B /* Products */;
			projectDirPath = "";
			projectRoot = "";
			targets = (
				3F1647F71A6E7AE100C2B80B /* p3 */,
				3F1648181A6E7AE100C2B80B /* p3Tests */,
			);
		};
/* End PBXProject section */

/* Begin PBXResourcesBuildPhase section */
		3F1647F61A6E7AE100C2B80B /* Resources */ = {
			isa = PBXResourcesBuildPhase;
			buildActionMask = 2147483647;
			files = (
				3F1648141A6E7AE100C2B80B /* Images.xcassets in Resources */,
				3F9AF04A1A6E8CD1006C0916 /* MyTableViewCell.xib in Resources */,
				3F1648061A6E7AE100C2B80B /* InfoPlist.strings in Resources */,
				3F16480F1A6E7AE100C2B80B /* Main.storyboard in Resources */,
			);
			runOnlyForDeploymentPostprocessing = 0;
		};
		3F1648171A6E7AE100C2B80B /* Resources */ = {
			isa = PBXResourcesBuildPhase;
			buildActionMask = 2147483647;
			files = (
				3F1648251A6E7AE100C2B80B /* InfoPlist.strings in Resources */,
			);
			runOnlyForDeploymentPostprocessing = 0;
		};
/* End PBXResourcesBuildPhase section */

/* Begin PBXSourcesBuildPhase section */
		3F1647F41A6E7AE100C2B80B /* Sources */ = {
			isa = PBXSourcesBuildPhase;
			buildActionMask = 2147483647;
			files = (
				3F1648121A6E7AE100C2B80B /* ViewController.m in Sources */,
				3F9AF0491A6E8CD1006C0916 /* MyTableViewCell.m in Sources */,
				3F9AF04D1A6E99B1006C0916 /* ViewController2.m in Sources */,
				3F16480C1A6E7AE100C2B80B /* AppDelegate.m in Sources */,
				3F1648081A6E7AE100C2B80B /* main.m in Sources */,
			);
			runOnlyForDeploymentPostprocessing = 0;
		};
		3F1648151A6E7AE100C2B80B /* Sources */ = {
			isa = PBXSourcesBuildPhase;
			buildActionMask = 2147483647;
			files = (
				3F1648271A6E7AE100C2B80B /* p3Tests.m in Sources */,
			);
			runOnlyForDeploymentPostprocessing = 0;
		};
/* End PBXSourcesBuildPhase section */

/* Begin PBXTargetDependency section */
		3F16481F1A6E7AE100C2B80B /* PBXTargetDependency */ = {
			isa = PBXTargetDependency;
			target = 3F1647F71A6E7AE100C2B80B /* p3 */;
			targetProxy = 3F16481E1A6E7AE100C2B80B /* PBXContainerItemProxy */;
		};
/* End PBXTargetDependency section */

/* Begin PBXVariantGroup section */
		3F1648041A6E7AE100C2B80B /* InfoPlist.strings */ = {
			isa = PBXVariantGroup;
			children = (
				3F1648051A6E7AE100C2B80B /* en */,
			);
			name = InfoPlist.strings;
			sourceTree = "<group>";
		};
		3F16480D1A6E7AE100C2B80B /* Main.storyboard */ = {
			isa = PBXVariantGroup;
			children = (
				3F16480E1A6E7AE100C2B80B /* Base */,
			);
			name = Main.storyboard;
			sourceTree = "<group>";
		};
		3F1648231A6E7AE100C2B80B /* InfoPlist.strings */ = {
			isa = PBXVariantGroup;
			children = (
				3F1648241A6E7AE100C2B80B /* en */,
			);
			name = InfoPlist.strings;
			sourceTree = "<group>";
		};
/* End PBXVariantGroup section */

/* Begin XCBuildConfiguration section */
		3F1648281A6E7AE100C2B80B /* Debug */ = {
			isa = XCBuildConfiguration;
			buildSettings = {
				ALWAYS_SEARCH_USER_PATHS = NO;
				CLANG_CXX_LANGUAGE_STANDARD = "gnu++0x";
				CLANG_CXX_LIBRARY = "libc++";
				CLANG_ENABLE_MODULES = YES;
				CLANG_ENABLE_OBJC_ARC = YES;
				CLANG_WARN_BOOL_CONVERSION = YES;
				CLANG_WARN_CONSTANT_CONVERSION = YES;
				CLANG_WARN_DIRECT_OBJC_ISA_USAGE = YES_ERROR;
				CLANG_WARN_EMPTY_BODY = YES;
				CLANG_WARN_ENUM_CONVERSION = YES;
				CLANG_WARN_INT_CONVERSION = YES;
				CLANG_WARN_OBJC_ROOT_CLASS = YES_ERROR;
				CLANG_WARN__DUPLICATE_METHOD_MATCH = YES;
				"CODE_SIGN_IDENTITY[sdk=iphoneos*]" = "iPhone Developer";
				COPY_PHASE_STRIP = NO;
				GCC_C_LANGUAGE_STANDARD = gnu99;
				GCC_DYNAMIC_NO_PIC = NO;
				GCC_OPTIMIZATION_LEVEL = 0;
				GCC_PREPROCESSOR_DEFINITIONS = (
					"DEBUG=1",
					"$(inherited)",
				);
				GCC_SYMBOLS_PRIVATE_EXTERN = NO;
				GCC_WARN_64_TO_32_BIT_CONVERSION = YES;
				GCC_WARN_ABOUT_RETURN_TYPE = YES_ERROR;
				GCC_WARN_UNDECLARED_SELECTOR = YES;
				GCC_WARN_UNINITIALIZED_AUTOS = YES_AGGRESSIVE;
				GCC_WARN_UNUSED_FUNCTION = YES;
				GCC_WARN_UNUSED_VARIABLE = YES;
				IPHONEOS_DEPLOYMENT_TARGET = 7.1;
				ONLY_ACTIVE_ARCH = YES;
				SDKROOT = iphoneos;
			};
			name = Debug;
		};
		3F1648291A6E7AE100C2B80B /* Release */ = {
			isa = XCBuildConfiguration;
			buildSettings = {
				ALWAYS_SEARCH_USER_PATHS = NO;
				CLANG_CXX_LANGUAGE_STANDARD = "gnu++0x";
				CLANG_CXX_LIBRARY = "libc++";
				CLANG_ENABLE_MODULES = YES;
				CLANG_ENABLE_OBJC_ARC = YES;
				CLANG_WARN_BOOL_CONVERSION = YES;
				CLANG_WARN_CONSTANT_CONVERSION = YES;
				CLANG_WARN_DIRECT_OBJC_ISA_USAGE = YES_ERROR;
				CLANG_WARN_EMPTY_BODY = YES;
				CLANG_WARN_ENUM_CONVERSION = YES;
				CLANG_WARN_INT_CONVERSION = YES;
				CLANG_WARN_OBJC_ROOT_CLASS = YES_ERROR;
				CLANG_WARN__DUPLICATE_METHOD_MATCH = YES;
				"CODE_SIGN_IDENTITY[sdk=iphoneos*]" = "iPhone Developer";
				COPY_PHASE_STRIP = YES;
				ENABLE_NS_ASSERTIONS = NO;
				GCC_C_LANGUAGE_STANDARD = gnu99;
				GCC_WARN_64_TO_32_BIT_CONVERSION = YES;
				GCC_WARN_ABOUT_RETURN_TYPE = YES_ERROR;
				GCC_WARN_UNDECLARED_SELECTOR = YES;
				GCC_WARN_UNINITIALIZED_AUTOS = YES_AGGRESSIVE;
				GCC_WARN_UNUSED_FUNCTION = YES;
				GCC_WARN_UNUSED_VARIABLE = YES;
				IPHONEOS_DEPLOYMENT_TARGET = 7.1;
				SDKROOT = iphoneos;
				VALIDATE_PRODUCT = YES;
			};
			name = Release;
		};
		3F16482B1A6E7AE100C2B80B /* Debug */ = {
			isa = XCBuildConfiguration;
			buildSettings = {
				ASSETCATALOG_COMPILER_APPICON_NAME = AppIcon;
				ASSETCATALOG_COMPILER_LAUNCHIMAGE_NAME = LaunchImage;
				GCC_PRECOMPILE_PREFIX_HEADER = YES;
				GCC_PREFIX_HEADER = "p3/p3-Prefix.pch";
				INFOPLIST_FILE = "p3/p3-Info.plist";
				PRODUCT_NAME = "$(TARGET_NAME)";
				WRAPPER_EXTENSION = app;
			};
			name = Debug;
		};
		3F16482C1A6E7AE100C2B80B /* Release */ = {
			isa = XCBuildConfiguration;
			buildSettings = {
				ASSETCATALOG_COMPILER_APPICON_NAME = AppIcon;
				ASSETCATALOG_COMPILER_LAUNCHIMAGE_NAME = LaunchImage;
				GCC_PRECOMPILE_PREFIX_HEADER = YES;
				GCC_PREFIX_HEADER = "p3/p3-Prefix.pch";
				INFOPLIST_FILE = "p3/p3-Info.plist";
				PRODUCT_NAME = "$(TARGET_NAME)";
				WRAPPER_EXTENSION = app;
			};
			name = Release;
		};
		3F16482E1A6E7AE100C2B80B /* Debug */ = {
			isa = XCBuildConfiguration;
			buildSettings = {
				BUNDLE_LOADER = "$(BUILT_PRODUCTS_DIR)/p3.app/p3";
				FRAMEWORK_SEARCH_PATHS = (
					"$(SDKROOT)/Developer/Library/Frameworks",
					"$(inherited)",
					"$(DEVELOPER_FRAMEWORKS_DIR)",
				);
				GCC_PRECOMPILE_PREFIX_HEADER = YES;
				GCC_PREFIX_HEADER = "p3/p3-Prefix.pch";
				GCC_PREPROCESSOR_DEFINITIONS = (
					"DEBUG=1",
					"$(inherited)",
				);
				INFOPLIST_FILE = "p3Tests/p3Tests-Info.plist";
				PRODUCT_NAME = "$(TARGET_NAME)";
				TEST_HOST = "$(BUNDLE_LOADER)";
				WRAPPER_EXTENSION = xctest;
			};
			name = Debug;
		};
		3F16482F1A6E7AE100C2B80B /* Release */ = {
			isa = XCBuildConfiguration;
			buildSettings = {
				BUNDLE_LOADER = "$(BUILT_PRODUCTS_DIR)/p3.app/p3";
				FRAMEWORK_SEARCH_PATHS = (
					"$(SDKROOT)/Developer/Library/Frameworks",
					"$(inherited)",
					"$(DEVELOPER_FRAMEWORKS_DIR)",
				);
				GCC_PRECOMPILE_PREFIX_HEADER = YES;
				GCC_PREFIX_HEADER = "p3/p3-Prefix.pch";
				INFOPLIST_FILE = "p3Tests/p3Tests-Info.plist";
				PRODUCT_NAME = "$(TARGET_NAME)";
				TEST_HOST = "$(BUNDLE_LOADER)";
				WRAPPER_EXTENSION = xctest;
			};
			name = Release;
		};
/* End XCBuildConfiguration section */

/* Begin XCConfigurationList section */
		3F1647F31A6E7AE100C2B80B /* Build configuration list for PBXProject "p3" */ = {
			isa = XCConfigurationList;
			buildConfigurations = (
				3F1648281A6E7AE100C2B80B /* Debug */,
				3F1648291A6E7AE100C2B80B /* Release */,
			);
			defaultConfigurationIsVisible = 0;
			defaultConfigurationName = Release;
		};
		3F16482A1A6E7AE100C2B80B /* Build configuration list for PBXNativeTarget "p3" */ = {
			isa = XCConfigurationList;
			buildConfigurations = (
				3F16482B1A6E7AE100C2B80B /* Debug */,
				3F16482C1A6E7AE100C2B80B /* Release */,
			);
			defaultConfigurationIsVisible = 0;
			defaultConfigurationName = Release;
		};
		3F16482D1A6E7AE100C2B80B /* Build configuration list for PBXNativeTarget "p3Tests" */ = {
			isa = XCConfigurationList;
			buildConfigurations = (
				3F16482E1A6E7AE100C2B80B /* Debug */,
				3F16482F1A6E7AE100C2B80B /* Release */,
			);
			defaultConfigurationIsVisible = 0;
			defaultConfigurationName = Release;
		};
/* End XCConfigurationList section */
	};
	rootObject = 3F1647F01A6E7AE100C2B80B /* Project object */;
}
